
Microsoft Visual Studio Solution File, Format Version 12.00
# Visual Studio Version 17
VisualStudioVersion = 17.2.32314.265
MinimumVisualStudioVersion = 10.0.40219.1
Project("{FAE04EC0-301F-11D3-BF4B-00C04F79EFBC}") = "MenuItemTask", "MenuItemTask\MenuItemTask.csproj", "{B9C6915D-FFC4-4EAA-88EA-3A3259DDEBA2}"
EndProject
Global
	GlobalSection(SolutionConfigurationPlatforms) = preSolution
		Debug|Any CPU = Debug|Any CPU
		Release|Any CPU = Release|Any CPU
	EndGlobalSection
	GlobalSection(ProjectConfigurationPlatforms) = postSolution
		{B9C6915D-FFC4-4EAA-88EA-3A3259DDEBA2}.Debug|Any CPU.ActiveCfg = Debug|Any CPU
		{B9C6915D-FFC4-4EAA-88EA-3A3259DDEBA2}.Debug|Any CPU.Build.0 = Debug|Any CPU
		{B9C6915D-FFC4-4EAA-88EA-3A3259DDEBA2}.Release|Any CPU.ActiveCfg = Release|Any CPU
		{B9C6915D-FFC4-4EAA-88EA-3A3259DDEBA2}.Release|Any CPU.Build.0 = Release|Any CPU
	EndGlobalSection
	GlobalSection(SolutionProperties) = preSolution
		HideSolutionNode = FALSE
	EndGlobalSection
	GlobalSection(ExtensibilityGlobals) = postSolution
		SolutionGuid = {A6593E69-73E0-4836-883A-473F3A317AF3}
	EndGlobalSection
EndGlobal
